
Microsoft Visual Studio Solution File, Format Version 12.00
# Visual Studio Version 17
VisualStudioVersion = 17.8.34511.84
MinimumVisualStudioVersion = 10.0.40219.1
Project("{FAE04EC0-301F-11D3-BF4B-00C04F79EFBC}") = "Doce_Artesao", "Doce_Artesao\Doce_Artesao.csproj", "{96B9495C-29CA-4975-A3D9-0C9ADD0BB6CD}"
EndProject
Global
	GlobalSection(SolutionConfigurationPlatforms) = preSolution
		Debug|Any CPU = Debug|Any CPU
		Release|Any CPU = Release|Any CPU
	EndGlobalSection
	GlobalSection(ProjectConfigurationPlatforms) = postSolution
		{96B9495C-29CA-4975-A3D9-0C9ADD0BB6CD}.Debug|Any CPU.ActiveCfg = Debug|Any CPU
		{96B9495C-29CA-4975-A3D9-0C9ADD0BB6CD}.Debug|Any CPU.Build.0 = Debug|Any CPU
		{96B9495C-29CA-4975-A3D9-0C9ADD0BB6CD}.Release|Any CPU.ActiveCfg = Release|Any CPU
		{96B9495C-29CA-4975-A3D9-0C9ADD0BB6CD}.Release|Any CPU.Build.0 = Release|Any CPU
	EndGlobalSection
	GlobalSection(SolutionProperties) = preSolution
		HideSolutionNode = FALSE
	EndGlobalSection
	GlobalSection(ExtensibilityGlobals) = postSolution
		SolutionGuid = {5341EB38-815B-462B-9CAC-76B8C2ACB8BC}
	EndGlobalSection
EndGlobal
